
Microsoft Visual Studio Solution File, Format Version 12.00
# Visual Studio 15
VisualStudioVersion = 15.0.28307.757
MinimumVisualStudioVersion = 10.0.40219.1
Project("{FAE04EC0-301F-11D3-BF4B-00C04F79EFBC}") = "Instagram", "Instagram\Instagram.csproj", "{2238E27C-4D18-4EEA-AF44-BDE0A83944BD}"
EndProject
Global
	GlobalSection(SolutionConfigurationPlatforms) = preSolution
		Debug|Any CPU = Debug|Any CPU
		Release|Any CPU = Release|Any CPU
	EndGlobalSection
	GlobalSection(ProjectConfigurationPlatforms) = postSolution
		{2238E27C-4D18-4EEA-AF44-BDE0A83944BD}.Debug|Any CPU.ActiveCfg = Debug|Any CPU
		{2238E27C-4D18-4EEA-AF44-BDE0A83944BD}.Debug|Any CPU.Build.0 = Debug|Any CPU
		{2238E27C-4D18-4EEA-AF44-BDE0A83944BD}.Release|Any CPU.ActiveCfg = Release|Any CPU
		{2238E27C-4D18-4EEA-AF44-BDE0A83944BD}.Release|Any CPU.Build.0 = Release|Any CPU
	EndGlobalSection
	GlobalSection(SolutionProperties) = preSolution
		HideSolutionNode = FALSE
	EndGlobalSection
	GlobalSection(ExtensibilityGlobals) = postSolution
		SolutionGuid = {770299C8-BC7B-48BE-BFA9-D3AE6F5FAE74}
	EndGlobalSection
EndGlobal
